
Microsoft Visual Studio Solution File, Format Version 12.00
# Visual Studio Version 17
VisualStudioVersion = 17.3.32922.545
MinimumVisualStudioVersion = 10.0.40219.1
Project("{9A19103F-16F7-4668-BE54-9A1E7A4F7556}") = "lardota2", "lardota2.csproj", "{BF2ACD0C-CCF4-4ADA-85A2-98F1C9E786D6}"
EndProject
Project("{9A19103F-16F7-4668-BE54-9A1E7A4F7556}") = "EmoBase", "..\EmoBase\EmoBase.csproj", "{1AAEEED4-FF39-41EB-A3A9-559278CF80F6}"
EndProject
Project("{9A19103F-16F7-4668-BE54-9A1E7A4F7556}") = "Domain", "..\Domain\Domain.csproj", "{16E7D97B-95AE-4761-9520-C2702C8A9733}"
EndProject
Project("{9A19103F-16F7-4668-BE54-9A1E7A4F7556}") = "BusinessLogic", "..\BusinessLogic\BusinessLogic.csproj", "{54E3D934-49DF-4A9D-B447-80149FAD9D9A}"
EndProject
Project("{9A19103F-16F7-4668-BE54-9A1E7A4F7556}") = "LarDt.Tests", "..\LarDt.Tests\LarDt.Tests.csproj", "{4B78058D-3559-4061-86C9-CDF547EF22DC}"
EndProject
Project("{2150E333-8FDC-42A3-9474-1A3956D46DE8}") = "Tests", "Tests", "{D031FBC3-FC1F-45FC-A0DE-2FCC69E2F218}"
EndProject
Project("{2150E333-8FDC-42A3-9474-1A3956D46DE8}") = "src", "src", "{BDB214AB-1B29-40FA-959E-3FC9C4FCC22F}"
EndProject
Project("{9A19103F-16F7-4668-BE54-9A1E7A4F7556}") = "WebMag", "..\WebMag\WebMag.csproj", "{BAD89293-AD82-4DF2-92B4-87192CBB22FA}"
EndProject
Global
	GlobalSection(SolutionConfigurationPlatforms) = preSolution
		Debug|Any CPU = Debug|Any CPU
		Release|Any CPU = Release|Any CPU
	EndGlobalSection
	GlobalSection(ProjectConfigurationPlatforms) = postSolution
		{BF2ACD0C-CCF4-4ADA-85A2-98F1C9E786D6}.Debug|Any CPU.ActiveCfg = Debug|Any CPU
		{BF2ACD0C-CCF4-4ADA-85A2-98F1C9E786D6}.Debug|Any CPU.Build.0 = Debug|Any CPU
		{BF2ACD0C-CCF4-4ADA-85A2-98F1C9E786D6}.Release|Any CPU.ActiveCfg = Release|Any CPU
		{BF2ACD0C-CCF4-4ADA-85A2-98F1C9E786D6}.Release|Any CPU.Build.0 = Release|Any CPU
		{1AAEEED4-FF39-41EB-A3A9-559278CF80F6}.Debug|Any CPU.ActiveCfg = Debug|Any CPU
		{1AAEEED4-FF39-41EB-A3A9-559278CF80F6}.Debug|Any CPU.Build.0 = Debug|Any CPU
		{1AAEEED4-FF39-41EB-A3A9-559278CF80F6}.Release|Any CPU.ActiveCfg = Release|Any CPU
		{1AAEEED4-FF39-41EB-A3A9-559278CF80F6}.Release|Any CPU.Build.0 = Release|Any CPU
		{16E7D97B-95AE-4761-9520-C2702C8A9733}.Debug|Any CPU.ActiveCfg = Debug|Any CPU
		{16E7D97B-95AE-4761-9520-C2702C8A9733}.Debug|Any CPU.Build.0 = Debug|Any CPU
		{16E7D97B-95AE-4761-9520-C2702C8A9733}.Release|Any CPU.ActiveCfg = Release|Any CPU
		{16E7D97B-95AE-4761-9520-C2702C8A9733}.Release|Any CPU.Build.0 = Release|Any CPU
		{54E3D934-49DF-4A9D-B447-80149FAD9D9A}.Debug|Any CPU.ActiveCfg = Debug|Any CPU
		{54E3D934-49DF-4A9D-B447-80149FAD9D9A}.Debug|Any CPU.Build.0 = Debug|Any CPU
		{54E3D934-49DF-4A9D-B447-80149FAD9D9A}.Release|Any CPU.ActiveCfg = Release|Any CPU
		{54E3D934-49DF-4A9D-B447-80149FAD9D9A}.Release|Any CPU.Build.0 = Release|Any CPU
		{4B78058D-3559-4061-86C9-CDF547EF22DC}.Debug|Any CPU.ActiveCfg = Debug|Any CPU
		{4B78058D-3559-4061-86C9-CDF547EF22DC}.Debug|Any CPU.Build.0 = Debug|Any CPU
		{4B78058D-3559-4061-86C9-CDF547EF22DC}.Release|Any CPU.ActiveCfg = Release|Any CPU
		{4B78058D-3559-4061-86C9-CDF547EF22DC}.Release|Any CPU.Build.0 = Release|Any CPU
		{BAD89293-AD82-4DF2-92B4-87192CBB22FA}.Debug|Any CPU.ActiveCfg = Debug|Any CPU
		{BAD89293-AD82-4DF2-92B4-87192CBB22FA}.Debug|Any CPU.Build.0 = Debug|Any CPU
		{BAD89293-AD82-4DF2-92B4-87192CBB22FA}.Release|Any CPU.ActiveCfg = Release|Any CPU
		{BAD89293-AD82-4DF2-92B4-87192CBB22FA}.Release|Any CPU.Build.0 = Release|Any CPU
	EndGlobalSection
	GlobalSection(SolutionProperties) = preSolution
		HideSolutionNode = FALSE
	EndGlobalSection
	GlobalSection(NestedProjects) = preSolution
		{BF2ACD0C-CCF4-4ADA-85A2-98F1C9E786D6} = {BDB214AB-1B29-40FA-959E-3FC9C4FCC22F}
		{1AAEEED4-FF39-41EB-A3A9-559278CF80F6} = {BDB214AB-1B29-40FA-959E-3FC9C4FCC22F}
		{16E7D97B-95AE-4761-9520-C2702C8A9733} = {BDB214AB-1B29-40FA-959E-3FC9C4FCC22F}
		{54E3D934-49DF-4A9D-B447-80149FAD9D9A} = {BDB214AB-1B29-40FA-959E-3FC9C4FCC22F}
		{4B78058D-3559-4061-86C9-CDF547EF22DC} = {D031FBC3-FC1F-45FC-A0DE-2FCC69E2F218}
		{BAD89293-AD82-4DF2-92B4-87192CBB22FA} = {BDB214AB-1B29-40FA-959E-3FC9C4FCC22F}
	EndGlobalSection
	GlobalSection(ExtensibilityGlobals) = postSolution
		SolutionGuid = {5F0F3DE3-7617-49C2-9A14-8A083BE1A6E5}
	EndGlobalSection
EndGlobal
